
Microsoft Visual Studio Solution File, Format Version 12.00
# Visual Studio 15
VisualStudioVersion = 15.0.27428.2011
MinimumVisualStudioVersion = 10.0.40219.1
Project("{FAE04EC0-301F-11D3-BF4B-00C04F79EFBC}") = "ToolBar_MS_Tutorial", "ToolBar_MS_Tutorial\ToolBar_MS_Tutorial.csproj", "{14F818D5-613E-419D-9F46-9CD691014C85}"
EndProject
Global
	GlobalSection(SolutionConfigurationPlatforms) = preSolution
		Debug|Any CPU = Debug|Any CPU
		Release|Any CPU = Release|Any CPU
	EndGlobalSection
	GlobalSection(ProjectConfigurationPlatforms) = postSolution
		{14F818D5-613E-419D-9F46-9CD691014C85}.Debug|Any CPU.ActiveCfg = Debug|Any CPU
		{14F818D5-613E-419D-9F46-9CD691014C85}.Debug|Any CPU.Build.0 = Debug|Any CPU
		{14F818D5-613E-419D-9F46-9CD691014C85}.Debug|Any CPU.Deploy.0 = Debug|Any CPU
		{14F818D5-613E-419D-9F46-9CD691014C85}.Release|Any CPU.ActiveCfg = Release|Any CPU
		{14F818D5-613E-419D-9F46-9CD691014C85}.Release|Any CPU.Build.0 = Release|Any CPU
		{14F818D5-613E-419D-9F46-9CD691014C85}.Release|Any CPU.Deploy.0 = Release|Any CPU
	EndGlobalSection
	GlobalSection(SolutionProperties) = preSolution
		HideSolutionNode = FALSE
	EndGlobalSection
	GlobalSection(ExtensibilityGlobals) = postSolution
		SolutionGuid = {1D941527-1A97-4E36-8A52-58D25CE4AEAF}
	EndGlobalSection
EndGlobal
